
Microsoft Visual Studio Solution File, Format Version 12.00
# Visual Studio 15
VisualStudioVersion = 15.0.27004.2002
MinimumVisualStudioVersion = 10.0.40219.1
Project("{FAE04EC0-301F-11D3-BF4B-00C04F79EFBC}") = "CardGameHelper.Android", "CardGameHelper\CardGameHelper.Android\CardGameHelper.Android.csproj", "{94436D29-B3EE-4035-A953-23ED39A3B2E7}"
EndProject
Project("{FAE04EC0-301F-11D3-BF4B-00C04F79EFBC}") = "CardGameHelper", "CardGameHelper\CardGameHelper\CardGameHelper.csproj", "{70395943-B3D5-4EA4-99E5-DFF5D9F642F7}"
EndProject
Project("{FAE04EC0-301F-11D3-BF4B-00C04F79EFBC}") = "CardGameHelper.UWP", "CardGameHelper\CardGameHelper.UWP\CardGameHelper.UWP.csproj", "{D3AC0507-D9B1-4061-95BE-C4E3CCC9641C}"
EndProject
Project("{FAE04EC0-301F-11D3-BF4B-00C04F79EFBC}") = "CardGameHelper.iOS", "CardGameHelper\CardGameHelper.iOS\CardGameHelper.iOS.csproj", "{736D6C61-DA38-407E-8FC6-B10DF27CAB4B}"
EndProject
Global
	GlobalSection(SolutionConfigurationPlatforms) = preSolution
		Ad-Hoc|Any CPU = Ad-Hoc|Any CPU
		Ad-Hoc|ARM = Ad-Hoc|ARM
		Ad-Hoc|iPhone = Ad-Hoc|iPhone
		Ad-Hoc|iPhoneSimulator = Ad-Hoc|iPhoneSimulator
		Ad-Hoc|x64 = Ad-Hoc|x64
		Ad-Hoc|x86 = Ad-Hoc|x86
		AppStore|Any CPU = AppStore|Any CPU
		AppStore|ARM = AppStore|ARM
		AppStore|iPhone = AppStore|iPhone
		AppStore|iPhoneSimulator = AppStore|iPhoneSimulator
		AppStore|x64 = AppStore|x64
		AppStore|x86 = AppStore|x86
		Debug|Any CPU = Debug|Any CPU
		Debug|ARM = Debug|ARM
		Debug|iPhone = Debug|iPhone
		Debug|iPhoneSimulator = Debug|iPhoneSimulator
		Debug|x64 = Debug|x64
		Debug|x86 = Debug|x86
		Release|Any CPU = Release|Any CPU
		Release|ARM = Release|ARM
		Release|iPhone = Release|iPhone
		Release|iPhoneSimulator = Release|iPhoneSimulator
		Release|x64 = Release|x64
		Release|x86 = Release|x86
	EndGlobalSection
	GlobalSection(ProjectConfigurationPlatforms) = postSolution
		{94436D29-B3EE-4035-A953-23ED39A3B2E7}.Ad-Hoc|Any CPU.ActiveCfg = Release|Any CPU
		{94436D29-B3EE-4035-A953-23ED39A3B2E7}.Ad-Hoc|Any CPU.Build.0 = Release|Any CPU
		{94436D29-B3EE-4035-A953-23ED39A3B2E7}.Ad-Hoc|Any CPU.Deploy.0 = Release|Any CPU
		{94436D29-B3EE-4035-A953-23ED39A3B2E7}.Ad-Hoc|ARM.ActiveCfg = Release|Any CPU
		{94436D29-B3EE-4035-A953-23ED39A3B2E7}.Ad-Hoc|ARM.Build.0 = Release|Any CPU
		{94436D29-B3EE-4035-A953-23ED39A3B2E7}.Ad-Hoc|ARM.Deploy.0 = Release|Any CPU
		{94436D29-B3EE-4035-A953-23ED39A3B2E7}.Ad-Hoc|iPhone.ActiveCfg = Release|Any CPU
		{94436D29-B3EE-4035-A953-23ED39A3B2E7}.Ad-Hoc|iPhone.Build.0 = Release|Any CPU
		{94436D29-B3EE-4035-A953-23ED39A3B2E7}.Ad-Hoc|iPhone.Deploy.0 = Release|Any CPU
		{94436D29-B3EE-4035-A953-23ED39A3B2E7}.Ad-Hoc|iPhoneSimulator.ActiveCfg = Release|Any CPU
		{94436D29-B3EE-4035-A953-23ED39A3B2E7}.Ad-Hoc|iPhoneSimulator.Build.0 = Release|Any CPU
		{94436D29-B3EE-4035-A953-23ED39A3B2E7}.Ad-Hoc|iPhoneSimulator.Deploy.0 = Release|Any CPU
		{94436D29-B3EE-4035-A953-23ED39A3B2E7}.Ad-Hoc|x64.ActiveCfg = Release|Any CPU
		{94436D29-B3EE-4035-A953-23ED39A3B2E7}.Ad-Hoc|x64.Build.0 = Release|Any CPU
		{94436D29-B3EE-4035-A953-23ED39A3B2E7}.Ad-Hoc|x64.Deploy.0 = Release|Any CPU
		{94436D29-B3EE-4035-A953-23ED39A3B2E7}.Ad-Hoc|x86.ActiveCfg = Release|Any CPU
		{94436D29-B3EE-4035-A953-23ED39A3B2E7}.Ad-Hoc|x86.Build.0 = Release|Any CPU
		{94436D29-B3EE-4035-A953-23ED39A3B2E7}.Ad-Hoc|x86.Deploy.0 = Release|Any CPU
		{94436D29-B3EE-4035-A953-23ED39A3B2E7}.AppStore|Any CPU.ActiveCfg = Release|Any CPU
		{94436D29-B3EE-4035-A953-23ED39A3B2E7}.AppStore|Any CPU.Build.0 = Release|Any CPU
		{94436D29-B3EE-4035-A953-23ED39A3B2E7}.AppStore|Any CPU.Deploy.0 = Release|Any CPU
		{94436D29-B3EE-4035-A953-23ED39A3B2E7}.AppStore|ARM.ActiveCfg = Release|Any CPU
		{94436D29-B3EE-4035-A953-23ED39A3B2E7}.AppStore|ARM.Build.0 = Release|Any CPU
		{94436D29-B3EE-4035-A953-23ED39A3B2E7}.AppStore|ARM.Deploy.0 = Release|Any CPU
		{94436D29-B3EE-4035-A953-23ED39A3B2E7}.AppStore|iPhone.ActiveCfg = Release|Any CPU
		{94436D29-B3EE-4035-A953-23ED39A3B2E7}.AppStore|iPhone.Build.0 = Release|Any CPU
		{94436D29-B3EE-4035-A953-23ED39A3B2E7}.AppStore|iPhone.Deploy.0 = Release|Any CPU
		{94436D29-B3EE-4035-A953-23ED39A3B2E7}.AppStore|iPhoneSimulator.ActiveCfg = Release|Any CPU
		{94436D29-B3EE-4035-A953-23ED39A3B2E7}.AppStore|iPhoneSimulator.Build.0 = Release|Any CPU
		{94436D29-B3EE-4035-A953-23ED39A3B2E7}.AppStore|iPhoneSimulator.Deploy.0 = Release|Any CPU
		{94436D29-B3EE-4035-A953-23ED39A3B2E7}.AppStore|x64.ActiveCfg = Release|Any CPU
		{94436D29-B3EE-4035-A953-23ED39A3B2E7}.AppStore|x64.Build.0 = Release|Any CPU
		{94436D29-B3EE-4035-A953-23ED39A3B2E7}.AppStore|x64.Deploy.0 = Release|Any CPU
		{94436D29-B3EE-4035-A953-23ED39A3B2E7}.AppStore|x86.ActiveCfg = Release|Any CPU
		{94436D29-B3EE-4035-A953-23ED39A3B2E7}.AppStore|x86.Build.0 = Release|Any CPU
		{94436D29-B3EE-4035-A953-23ED39A3B2E7}.AppStore|x86.Deploy.0 = Release|Any CPU
		{94436D29-B3EE-4035-A953-23ED39A3B2E7}.Debug|Any CPU.ActiveCfg = Debug|Any CPU
		{94436D29-B3EE-4035-A953-23ED39A3B2E7}.Debug|Any CPU.Build.0 = Debug|Any CPU
		{94436D29-B3EE-4035-A953-23ED39A3B2E7}.Debug|Any CPU.Deploy.0 = Debug|Any CPU
		{94436D29-B3EE-4035-A953-23ED39A3B2E7}.Debug|ARM.ActiveCfg = Debug|Any CPU
		{94436D29-B3EE-4035-A953-23ED39A3B2E7}.Debug|ARM.Build.0 = Debug|Any CPU
		{94436D29-B3EE-4035-A953-23ED39A3B2E7}.Debug|ARM.Deploy.0 = Debug|Any CPU
		{94436D29-B3EE-4035-A953-23ED39A3B2E7}.Debug|iPhone.ActiveCfg = Debug|Any CPU
		{94436D29-B3EE-4035-A953-23ED39A3B2E7}.Debug|iPhone.Build.0 = Debug|Any CPU
		{94436D29-B3EE-4035-A953-23ED39A3B2E7}.Debug|iPhone.Deploy.0 = Debug|Any CPU
		{94436D29-B3EE-4035-A953-23ED39A3B2E7}.Debug|iPhoneSimulator.ActiveCfg = Debug|Any CPU
		{94436D29-B3EE-4035-A953-23ED39A3B2E7}.Debug|iPhoneSimulator.Build.0 = Debug|Any CPU
		{94436D29-B3EE-4035-A953-23ED39A3B2E7}.Debug|iPhoneSimulator.Deploy.0 = Debug|Any CPU
		{94436D29-B3EE-4035-A953-23ED39A3B2E7}.Debug|x64.ActiveCfg = Debug|Any CPU
		{94436D29-B3EE-4035-A953-23ED39A3B2E7}.Debug|x64.Build.0 = Debug|Any CPU
		{94436D29-B3EE-4035-A953-23ED39A3B2E7}.Debug|x64.Deploy.0 = Debug|Any CPU
		{94436D29-B3EE-4035-A953-23ED39A3B2E7}.Debug|x86.ActiveCfg = Debug|Any CPU
		{94436D29-B3EE-4035-A953-23ED39A3B2E7}.Debug|x86.Build.0 = Debug|Any CPU
		{94436D29-B3EE-4035-A953-23ED39A3B2E7}.Debug|x86.Deploy.0 = Debug|Any CPU
		{94436D29-B3EE-4035-A953-23ED39A3B2E7}.Release|Any CPU.ActiveCfg = Release|Any CPU
		{94436D29-B3EE-4035-A953-23ED39A3B2E7}.Release|Any CPU.Build.0 = Release|Any CPU
		{94436D29-B3EE-4035-A953-23ED39A3B2E7}.Release|Any CPU.Deploy.0 = Release|Any CPU
		{94436D29-B3EE-4035-A953-23ED39A3B2E7}.Release|ARM.ActiveCfg = Release|Any CPU
		{94436D29-B3EE-4035-A953-23ED39A3B2E7}.Release|ARM.Build.0 = Release|Any CPU
		{94436D29-B3EE-4035-A953-23ED39A3B2E7}.Release|ARM.Deploy.0 = Release|Any CPU
		{94436D29-B3EE-4035-A953-23ED39A3B2E7}.Release|iPhone.ActiveCfg = Release|Any CPU
		{94436D29-B3EE-4035-A953-23ED39A3B2E7}.Release|iPhone.Build.0 = Release|Any CPU
		{94436D29-B3EE-4035-A953-23ED39A3B2E7}.Release|iPhone.Deploy.0 = Release|Any CPU
		{94436D29-B3EE-4035-A953-23ED39A3B2E7}.Release|iPhoneSimulator.ActiveCfg = Release|Any CPU
		{94436D29-B3EE-4035-A953-23ED39A3B2E7}.Release|iPhoneSimulator.Build.0 = Release|Any CPU
		{94436D29-B3EE-4035-A953-23ED39A3B2E7}.Release|iPhoneSimulator.Deploy.0 = Release|Any CPU
		{94436D29-B3EE-4035-A953-23ED39A3B2E7}.Release|x64.ActiveCfg = Release|Any CPU
		{94436D29-B3EE-4035-A953-23ED39A3B2E7}.Release|x64.Build.0 = Release|Any CPU
		{94436D29-B3EE-4035-A953-23ED39A3B2E7}.Release|x64.Deploy.0 = Release|Any CPU
		{94436D29-B3EE-4035-A953-23ED39A3B2E7}.Release|x86.ActiveCfg = Release|Any CPU
		{94436D29-B3EE-4035-A953-23ED39A3B2E7}.Release|x86.Build.0 = Release|Any CPU
		{94436D29-B3EE-4035-A953-23ED39A3B2E7}.Release|x86.Deploy.0 = Release|Any CPU
		{70395943-B3D5-4EA4-99E5-DFF5D9F642F7}.Ad-Hoc|Any CPU.ActiveCfg = Release|Any CPU
		{70395943-B3D5-4EA4-99E5-DFF5D9F642F7}.Ad-Hoc|Any CPU.Build.0 = Release|Any CPU
		{70395943-B3D5-4EA4-99E5-DFF5D9F642F7}.Ad-Hoc|ARM.ActiveCfg = Release|Any CPU
		{70395943-B3D5-4EA4-99E5-DFF5D9F642F7}.Ad-Hoc|ARM.Build.0 = Release|Any CPU
		{70395943-B3D5-4EA4-99E5-DFF5D9F642F7}.Ad-Hoc|iPhone.ActiveCfg = Release|Any CPU
		{70395943-B3D5-4EA4-99E5-DFF5D9F642F7}.Ad-Hoc|iPhone.Build.0 = Release|Any CPU
		{70395943-B3D5-4EA4-99E5-DFF5D9F642F7}.Ad-Hoc|iPhoneSimulator.ActiveCfg = Release|Any CPU
		{70395943-B3D5-4EA4-99E5-DFF5D9F642F7}.Ad-Hoc|iPhoneSimulator.Build.0 = Release|Any CPU
		{70395943-B3D5-4EA4-99E5-DFF5D9F642F7}.Ad-Hoc|x64.ActiveCfg = Release|Any CPU
		{70395943-B3D5-4EA4-99E5-DFF5D9F642F7}.Ad-Hoc|x64.Build.0 = Release|Any CPU
		{70395943-B3D5-4EA4-99E5-DFF5D9F642F7}.Ad-Hoc|x86.ActiveCfg = Release|Any CPU
		{70395943-B3D5-4EA4-99E5-DFF5D9F642F7}.Ad-Hoc|x86.Build.0 = Release|Any CPU
		{70395943-B3D5-4EA4-99E5-DFF5D9F642F7}.AppStore|Any CPU.ActiveCfg = Release|Any CPU
		{70395943-B3D5-4EA4-99E5-DFF5D9F642F7}.AppStore|Any CPU.Build.0 = Release|Any CPU
		{70395943-B3D5-4EA4-99E5-DFF5D9F642F7}.AppStore|ARM.ActiveCfg = Release|Any CPU
		{70395943-B3D5-4EA4-99E5-DFF5D9F642F7}.AppStore|ARM.Build.0 = Release|Any CPU
		{70395943-B3D5-4EA4-99E5-DFF5D9F642F7}.AppStore|iPhone.ActiveCfg = Release|Any CPU
		{70395943-B3D5-4EA4-99E5-DFF5D9F642F7}.AppStore|iPhone.Build.0 = Release|Any CPU
		{70395943-B3D5-4EA4-99E5-DFF5D9F642F7}.AppStore|iPhoneSimulator.ActiveCfg = Release|Any CPU
		{70395943-B3D5-4EA4-99E5-DFF5D9F642F7}.AppStore|iPhoneSimulator.Build.0 = Release|Any CPU
		{70395943-B3D5-4EA4-99E5-DFF5D9F642F7}.AppStore|x64.ActiveCfg = Release|Any CPU
		{70395943-B3D5-4EA4-99E5-DFF5D9F642F7}.AppStore|x64.Build.0 = Release|Any CPU
		{70395943-B3D5-4EA4-99E5-DFF5D9F642F7}.AppStore|x86.ActiveCfg = Release|Any CPU
		{70395943-B3D5-4EA4-99E5-DFF5D9F642F7}.AppStore|x86.Build.0 = Release|Any CPU
		{70395943-B3D5-4EA4-99E5-DFF5D9F642F7}.Debug|Any CPU.ActiveCfg = Debug|Any CPU
		{70395943-B3D5-4EA4-99E5-DFF5D9F642F7}.Debug|Any CPU.Build.0 = Debug|Any CPU
		{70395943-B3D5-4EA4-99E5-DFF5D9F642F7}.Debug|ARM.ActiveCfg = Debug|Any CPU
		{70395943-B3D5-4EA4-99E5-DFF5D9F642F7}.Debug|ARM.Build.0 = Debug|Any CPU
		{70395943-B3D5-4EA4-99E5-DFF5D9F642F7}.Debug|iPhone.ActiveCfg = Debug|Any CPU
		{70395943-B3D5-4EA4-99E5-DFF5D9F642F7}.Debug|iPhone.Build.0 = Debug|Any CPU
		{70395943-B3D5-4EA4-99E5-DFF5D9F642F7}.Debug|iPhoneSimulator.ActiveCfg = Debug|Any CPU
		{70395943-B3D5-4EA4-99E5-DFF5D9F642F7}.Debug|iPhoneSimulator.Build.0 = Debug|Any CPU
		{70395943-B3D5-4EA4-99E5-DFF5D9F642F7}.Debug|x64.ActiveCfg = Debug|Any CPU
		{70395943-B3D5-4EA4-99E5-DFF5D9F642F7}.Debug|x64.Build.0 = Debug|Any CPU
		{70395943-B3D5-4EA4-99E5-DFF5D9F642F7}.Debug|x86.ActiveCfg = Debug|Any CPU
		{70395943-B3D5-4EA4-99E5-DFF5D9F642F7}.Debug|x86.Build.0 = Debug|Any CPU
		{70395943-B3D5-4EA4-99E5-DFF5D9F642F7}.Release|Any CPU.ActiveCfg = Release|Any CPU
		{70395943-B3D5-4EA4-99E5-DFF5D9F642F7}.Release|Any CPU.Build.0 = Release|Any CPU
		{70395943-B3D5-4EA4-99E5-DFF5D9F642F7}.Release|ARM.ActiveCfg = Release|Any CPU
		{70395943-B3D5-4EA4-99E5-DFF5D9F642F7}.Release|ARM.Build.0 = Release|Any CPU
		{70395943-B3D5-4EA4-99E5-DFF5D9F642F7}.Release|iPhone.ActiveCfg = Release|Any CPU
		{70395943-B3D5-4EA4-99E5-DFF5D9F642F7}.Release|iPhone.Build.0 = Release|Any CPU
		{70395943-B3D5-4EA4-99E5-DFF5D9F642F7}.Release|iPhoneSimulator.ActiveCfg = Release|Any CPU
		{70395943-B3D5-4EA4-99E5-DFF5D9F642F7}.Release|iPhoneSimulator.Build.0 = Release|Any CPU
		{70395943-B3D5-4EA4-99E5-DFF5D9F642F7}.Release|x64.ActiveCfg = Release|Any CPU
		{70395943-B3D5-4EA4-99E5-DFF5D9F642F7}.Release|x64.Build.0 = Release|Any CPU
		{70395943-B3D5-4EA4-99E5-DFF5D9F642F7}.Release|x86.ActiveCfg = Release|Any CPU
		{70395943-B3D5-4EA4-99E5-DFF5D9F642F7}.Release|x86.Build.0 = Release|Any CPU
		{D3AC0507-D9B1-4061-95BE-C4E3CCC9641C}.Ad-Hoc|Any CPU.ActiveCfg = Release|x86
		{D3AC0507-D9B1-4061-95BE-C4E3CCC9641C}.Ad-Hoc|Any CPU.Build.0 = Release|x86
		{D3AC0507-D9B1-4061-95BE-C4E3CCC9641C}.Ad-Hoc|Any CPU.Deploy.0 = Release|x86
		{D3AC0507-D9B1-4061-95BE-C4E3CCC9641C}.Ad-Hoc|ARM.ActiveCfg = Release|ARM
		{D3AC0507-D9B1-4061-95BE-C4E3CCC9641C}.Ad-Hoc|ARM.Build.0 = Release|ARM
		{D3AC0507-D9B1-4061-95BE-C4E3CCC9641C}.Ad-Hoc|ARM.Deploy.0 = Release|ARM
		{D3AC0507-D9B1-4061-95BE-C4E3CCC9641C}.Ad-Hoc|iPhone.ActiveCfg = Release|x86
		{D3AC0507-D9B1-4061-95BE-C4E3CCC9641C}.Ad-Hoc|iPhone.Build.0 = Release|x86
		{D3AC0507-D9B1-4061-95BE-C4E3CCC9641C}.Ad-Hoc|iPhone.Deploy.0 = Release|x86
		{D3AC0507-D9B1-4061-95BE-C4E3CCC9641C}.Ad-Hoc|iPhoneSimulator.ActiveCfg = Release|x86
		{D3AC0507-D9B1-4061-95BE-C4E3CCC9641C}.Ad-Hoc|iPhoneSimulator.Build.0 = Release|x86
		{D3AC0507-D9B1-4061-95BE-C4E3CCC9641C}.Ad-Hoc|iPhoneSimulator.Deploy.0 = Release|x86
		{D3AC0507-D9B1-4061-95BE-C4E3CCC9641C}.Ad-Hoc|x64.ActiveCfg = Release|x64
		{D3AC0507-D9B1-4061-95BE-C4E3CCC9641C}.Ad-Hoc|x64.Build.0 = Release|x64
		{D3AC0507-D9B1-4061-95BE-C4E3CCC9641C}.Ad-Hoc|x64.Deploy.0 = Release|x64
		{D3AC0507-D9B1-4061-95BE-C4E3CCC9641C}.Ad-Hoc|x86.ActiveCfg = Release|x86
		{D3AC0507-D9B1-4061-95BE-C4E3CCC9641C}.Ad-Hoc|x86.Build.0 = Release|x86
		{D3AC0507-D9B1-4061-95BE-C4E3CCC9641C}.Ad-Hoc|x86.Deploy.0 = Release|x86
		{D3AC0507-D9B1-4061-95BE-C4E3CCC9641C}.AppStore|Any CPU.ActiveCfg = Release|x86
		{D3AC0507-D9B1-4061-95BE-C4E3CCC9641C}.AppStore|Any CPU.Build.0 = Release|x86
		{D3AC0507-D9B1-4061-95BE-C4E3CCC9641C}.AppStore|Any CPU.Deploy.0 = Release|x86
		{D3AC0507-D9B1-4061-95BE-C4E3CCC9641C}.AppStore|ARM.ActiveCfg = Release|ARM
		{D3AC0507-D9B1-4061-95BE-C4E3CCC9641C}.AppStore|ARM.Build.0 = Release|ARM
		{D3AC0507-D9B1-4061-95BE-C4E3CCC9641C}.AppStore|ARM.Deploy.0 = Release|ARM
		{D3AC0507-D9B1-4061-95BE-C4E3CCC9641C}.AppStore|iPhone.ActiveCfg = Release|x86
		{D3AC0507-D9B1-4061-95BE-C4E3CCC9641C}.AppStore|iPhone.Build.0 = Release|x86
		{D3AC0507-D9B1-4061-95BE-C4E3CCC9641C}.AppStore|iPhone.Deploy.0 = Release|x86
		{D3AC0507-D9B1-4061-95BE-C4E3CCC9641C}.AppStore|iPhoneSimulator.ActiveCfg = Release|x86
		{D3AC0507-D9B1-4061-95BE-C4E3CCC9641C}.AppStore|iPhoneSimulator.Build.0 = Release|x86
		{D3AC0507-D9B1-4061-95BE-C4E3CCC9641C}.AppStore|iPhoneSimulator.Deploy.0 = Release|x86
		{D3AC0507-D9B1-4061-95BE-C4E3CCC9641C}.AppStore|x64.ActiveCfg = Release|x64
		{D3AC0507-D9B1-4061-95BE-C4E3CCC9641C}.AppStore|x64.Build.0 = Release|x64
		{D3AC0507-D9B1-4061-95BE-C4E3CCC9641C}.AppStore|x64.Deploy.0 = Release|x64
		{D3AC0507-D9B1-4061-95BE-C4E3CCC9641C}.AppStore|x86.ActiveCfg = Release|x86
		{D3AC0507-D9B1-4061-95BE-C4E3CCC9641C}.AppStore|x86.Build.0 = Release|x86
		{D3AC0507-D9B1-4061-95BE-C4E3CCC9641C}.AppStore|x86.Deploy.0 = Release|x86
		{D3AC0507-D9B1-4061-95BE-C4E3CCC9641C}.Debug|Any CPU.ActiveCfg = Debug|x86
		{D3AC0507-D9B1-4061-95BE-C4E3CCC9641C}.Debug|ARM.ActiveCfg = Debug|ARM
		{D3AC0507-D9B1-4061-95BE-C4E3CCC9641C}.Debug|ARM.Build.0 = Debug|ARM
		{D3AC0507-D9B1-4061-95BE-C4E3CCC9641C}.Debug|ARM.Deploy.0 = Debug|ARM
		{D3AC0507-D9B1-4061-95BE-C4E3CCC9641C}.Debug|iPhone.ActiveCfg = Debug|x86
		{D3AC0507-D9B1-4061-95BE-C4E3CCC9641C}.Debug|iPhoneSimulator.ActiveCfg = Debug|x86
		{D3AC0507-D9B1-4061-95BE-C4E3CCC9641C}.Debug|x64.ActiveCfg = Debug|x64
		{D3AC0507-D9B1-4061-95BE-C4E3CCC9641C}.Debug|x64.Build.0 = Debug|x64
		{D3AC0507-D9B1-4061-95BE-C4E3CCC9641C}.Debug|x64.Deploy.0 = Debug|x64
		{D3AC0507-D9B1-4061-95BE-C4E3CCC9641C}.Debug|x86.ActiveCfg = Debug|x86
		{D3AC0507-D9B1-4061-95BE-C4E3CCC9641C}.Debug|x86.Build.0 = Debug|x86
		{D3AC0507-D9B1-4061-95BE-C4E3CCC9641C}.Debug|x86.Deploy.0 = Debug|x86
		{D3AC0507-D9B1-4061-95BE-C4E3CCC9641C}.Release|Any CPU.ActiveCfg = Release|x86
		{D3AC0507-D9B1-4061-95BE-C4E3CCC9641C}.Release|ARM.ActiveCfg = Release|ARM
		{D3AC0507-D9B1-4061-95BE-C4E3CCC9641C}.Release|ARM.Build.0 = Release|ARM
		{D3AC0507-D9B1-4061-95BE-C4E3CCC9641C}.Release|ARM.Deploy.0 = Release|ARM
		{D3AC0507-D9B1-4061-95BE-C4E3CCC9641C}.Release|iPhone.ActiveCfg = Release|x86
		{D3AC0507-D9B1-4061-95BE-C4E3CCC9641C}.Release|iPhoneSimulator.ActiveCfg = Release|x86
		{D3AC0507-D9B1-4061-95BE-C4E3CCC9641C}.Release|x64.ActiveCfg = Release|x64
		{D3AC0507-D9B1-4061-95BE-C4E3CCC9641C}.Release|x64.Build.0 = Release|x64
		{D3AC0507-D9B1-4061-95BE-C4E3CCC9641C}.Release|x64.Deploy.0 = Release|x64
		{D3AC0507-D9B1-4061-95BE-C4E3CCC9641C}.Release|x86.ActiveCfg = Release|x86
		{D3AC0507-D9B1-4061-95BE-C4E3CCC9641C}.Release|x86.Build.0 = Release|x86
		{D3AC0507-D9B1-4061-95BE-C4E3CCC9641C}.Release|x86.Deploy.0 = Release|x86
		{736D6C61-DA38-407E-8FC6-B10DF27CAB4B}.Ad-Hoc|Any CPU.ActiveCfg = Ad-Hoc|iPhoneSimulator
		{736D6C61-DA38-407E-8FC6-B10DF27CAB4B}.Ad-Hoc|ARM.ActiveCfg = Ad-Hoc|iPhone
		{736D6C61-DA38-407E-8FC6-B10DF27CAB4B}.Ad-Hoc|iPhone.ActiveCfg = Ad-Hoc|iPhone
		{736D6C61-DA38-407E-8FC6-B10DF27CAB4B}.Ad-Hoc|iPhone.Build.0 = Ad-Hoc|iPhone
		{736D6C61-DA38-407E-8FC6-B10DF27CAB4B}.Ad-Hoc|iPhoneSimulator.ActiveCfg = Ad-Hoc|iPhoneSimulator
		{736D6C61-DA38-407E-8FC6-B10DF27CAB4B}.Ad-Hoc|iPhoneSimulator.Build.0 = Ad-Hoc|iPhoneSimulator
		{736D6C61-DA38-407E-8FC6-B10DF27CAB4B}.Ad-Hoc|x64.ActiveCfg = Ad-Hoc|iPhone
		{736D6C61-DA38-407E-8FC6-B10DF27CAB4B}.Ad-Hoc|x86.ActiveCfg = Ad-Hoc|iPhone
		{736D6C61-DA38-407E-8FC6-B10DF27CAB4B}.AppStore|Any CPU.ActiveCfg = AppStore|iPhoneSimulator
		{736D6C61-DA38-407E-8FC6-B10DF27CAB4B}.AppStore|ARM.ActiveCfg = AppStore|iPhone
		{736D6C61-DA38-407E-8FC6-B10DF27CAB4B}.AppStore|iPhone.ActiveCfg = AppStore|iPhone
		{736D6C61-DA38-407E-8FC6-B10DF27CAB4B}.AppStore|iPhone.Build.0 = AppStore|iPhone
		{736D6C61-DA38-407E-8FC6-B10DF27CAB4B}.AppStore|iPhoneSimulator.ActiveCfg = AppStore|iPhoneSimulator
		{736D6C61-DA38-407E-8FC6-B10DF27CAB4B}.AppStore|iPhoneSimulator.Build.0 = AppStore|iPhoneSimulator
		{736D6C61-DA38-407E-8FC6-B10DF27CAB4B}.AppStore|x64.ActiveCfg = AppStore|iPhone
		{736D6C61-DA38-407E-8FC6-B10DF27CAB4B}.AppStore|x86.ActiveCfg = AppStore|iPhone
		{736D6C61-DA38-407E-8FC6-B10DF27CAB4B}.Debug|Any CPU.ActiveCfg = Debug|iPhoneSimulator
		{736D6C61-DA38-407E-8FC6-B10DF27CAB4B}.Debug|ARM.ActiveCfg = Debug|iPhone
		{736D6C61-DA38-407E-8FC6-B10DF27CAB4B}.Debug|iPhone.ActiveCfg = Debug|iPhone
		{736D6C61-DA38-407E-8FC6-B10DF27CAB4B}.Debug|iPhone.Build.0 = Debug|iPhone
		{736D6C61-DA38-407E-8FC6-B10DF27CAB4B}.Debug|iPhoneSimulator.ActiveCfg = Debug|iPhoneSimulator
		{736D6C61-DA38-407E-8FC6-B10DF27CAB4B}.Debug|iPhoneSimulator.Build.0 = Debug|iPhoneSimulator
		{736D6C61-DA38-407E-8FC6-B10DF27CAB4B}.Debug|x64.ActiveCfg = Debug|iPhone
		{736D6C61-DA38-407E-8FC6-B10DF27CAB4B}.Debug|x86.ActiveCfg = Debug|iPhone
		{736D6C61-DA38-407E-8FC6-B10DF27CAB4B}.Release|Any CPU.ActiveCfg = Release|iPhoneSimulator
		{736D6C61-DA38-407E-8FC6-B10DF27CAB4B}.Release|ARM.ActiveCfg = Release|iPhone
		{736D6C61-DA38-407E-8FC6-B10DF27CAB4B}.Release|iPhone.ActiveCfg = Release|iPhone
		{736D6C61-DA38-407E-8FC6-B10DF27CAB4B}.Release|iPhone.Build.0 = Release|iPhone
		{736D6C61-DA38-407E-8FC6-B10DF27CAB4B}.Release|iPhoneSimulator.ActiveCfg = Release|iPhoneSimulator
		{736D6C61-DA38-407E-8FC6-B10DF27CAB4B}.Release|iPhoneSimulator.Build.0 = Release|iPhoneSimulator
		{736D6C61-DA38-407E-8FC6-B10DF27CAB4B}.Release|x64.ActiveCfg = Release|iPhone
		{736D6C61-DA38-407E-8FC6-B10DF27CAB4B}.Release|x86.ActiveCfg = Release|iPhone
	EndGlobalSection
	GlobalSection(SolutionProperties) = preSolution
		HideSolutionNode = FALSE
	EndGlobalSection
	GlobalSection(ExtensibilityGlobals) = postSolution
		SolutionGuid = {57D4E8EC-695A-4D76-86A7-E06E7C086EDE}
	EndGlobalSection
EndGlobal
